
Microsoft Visual Studio Solution File, Format Version 12.00
# Visual Studio Version 16
VisualStudioVersion = 16.0.33214.272
MinimumVisualStudioVersion = 10.0.40219.1
Project("{FAE04EC0-301F-11D3-BF4B-00C04F79EFBC}") = "Bookstore", "Bookstore\Bookstore.csproj", "{98FEDA94-E857-406F-B59C-ED0747755BE5}"
EndProject
Global
	GlobalSection(SolutionConfigurationPlatforms) = preSolution
		Debug|Any CPU = Debug|Any CPU
		Release|Any CPU = Release|Any CPU
	EndGlobalSection
	GlobalSection(ProjectConfigurationPlatforms) = postSolution
		{98FEDA94-E857-406F-B59C-ED0747755BE5}.Debug|Any CPU.ActiveCfg = Debug|Any CPU
		{98FEDA94-E857-406F-B59C-ED0747755BE5}.Debug|Any CPU.Build.0 = Debug|Any CPU
		{98FEDA94-E857-406F-B59C-ED0747755BE5}.Release|Any CPU.ActiveCfg = Release|Any CPU
		{98FEDA94-E857-406F-B59C-ED0747755BE5}.Release|Any CPU.Build.0 = Release|Any CPU
	EndGlobalSection
	GlobalSection(SolutionProperties) = preSolution
		HideSolutionNode = FALSE
	EndGlobalSection
	GlobalSection(ExtensibilityGlobals) = postSolution
		SolutionGuid = {1CADC3DA-7DD6-4833-A151-32031ACDAA6B}
	EndGlobalSection
EndGlobal
